// !$*UTF8*$!
{
	archiveVersion = 1;
	classes = {
	};
	objectVersion = 46;
	objects = {

/* Begin PBXBuildFile section */
		317A4DBB1EA99D8900657B82 /* main.m in Sources */ = {isa = PBXBuildFile; fileRef = 317A4DBA1EA99D8900657B82 /* main.m */; };
		317A4DBE1EA99D8900657B82 /* AppDelegate.m in Sources */ = {isa = PBXBuildFile; fileRef = 317A4DBD1EA99D8900657B82 /* AppDelegate.m */; };
		317A4DC41EA99D8900657B82 /* Main.storyboard in Resources */ = {isa = PBXBuildFile; fileRef = 317A4DC21EA99D8900657B82 /* Main.storyboard */; };
		317A4DC61EA99D8900657B82 /* Assets.xcassets in Resources */ = {isa = PBXBuildFile; fileRef = 317A4DC51EA99D8900657B82 /* Assets.xcassets */; };
		317A4DC91EA99D8900657B82 /* LaunchScreen.storyboard in Resources */ = {isa = PBXBuildFile; fileRef = 317A4DC71EA99D8900657B82 /* LaunchScreen.storyboard */; };
		317A4DD41EA99D8900657B82 /* SchulteGridContestTests.m in Sources */ = {isa = PBXBuildFile; fileRef = 317A4DD31EA99D8900657B82 /* SchulteGridContestTests.m */; };
		317A4DDF1EA99D8900657B82 /* SchulteGridContestUITests.m in Sources */ = {isa = PBXBuildFile; fileRef = 317A4DDE1EA99D8900657B82 /* SchulteGridContestUITests.m */; };
		317A4DEE1EA99DEA00657B82 /* SchulteGridViewController.m in Sources */ = {isa = PBXBuildFile; fileRef = 317A4DED1EA99DEA00657B82 /* SchulteGridViewController.m */; };
		317A4DF11EA9A03900657B82 /* SchulteGameBoardView.m in Sources */ = {isa = PBXBuildFile; fileRef = 317A4DF01EA9A03900657B82 /* SchulteGameBoardView.m */; };
		317A4DF31EA9A61D00657B82 /* SchulteGridGame.m in Sources */ = {isa = PBXBuildFile; fileRef = 317A4DF21EA9A61D00657B82 /* SchulteGridGame.m */; };
		573D48A6354A8EA04BA1395D /* Pods_SchulteGridContest.framework in Frameworks */ = {isa = PBXBuildFile; fileRef = E0956DDA795F528E83B41493 /* Pods_SchulteGridContest.framework */; };
/* End PBXBuildFile section */

/* Begin PBXContainerItemProxy section */
		317A4DD01EA99D8900657B82 /* PBXContainerItemProxy */ = {
			isa = PBXContainerItemProxy;
			containerPortal = 317A4DAE1EA99D8900657B82 /* Project object */;
			proxyType = 1;
			remoteGlobalIDString = 317A4DB51EA99D8900657B82;
			remoteInfo = SchulteGridContest;
		};
		317A4DDB1EA99D8900657B82 /* PBXContainerItemProxy */ = {
			isa = PBXContainerItemProxy;
			containerPortal = 317A4DAE1EA99D8900657B82 /* Project object */;
			proxyType = 1;
			remoteGlobalIDString = 317A4DB51EA99D8900657B82;
			remoteInfo = SchulteGridContest;
		};
/* End PBXContainerItemProxy section */

/* Begin PBXFileReference section */
		317A4DB61EA99D8900657B82 /* SchulteGridContest.app */ = {isa = PBXFileReference; explicitFileType = wrapper.application; includeInIndex = 0; path = SchulteGridContest.app; sourceTree = BUILT_PRODUCTS_DIR; };
		317A4DBA1EA99D8900657B82 /* main.m */ = {isa = PBXFileReference; lastKnownFileType = sourcecode.c.objc; path = main.m; sourceTree = "<group>"; };
		317A4DBC1EA99D8900657B82 /* AppDelegate.h */ = {isa = PBXFileReference; lastKnownFileType = sourcecode.c.h; path = AppDelegate.h; sourceTree = "<group>"; };
		317A4DBD1EA99D8900657B82 /* AppDelegate.m */ = {isa = PBXFileReference; lastKnownFileType = sourcecode.c.objc; path = AppDelegate.m; sourceTree = "<group>"; };
		317A4DC31EA99D8900657B82 /* Base */ = {isa = PBXFileReference; lastKnownFileType = file.storyboard; name = Base; path = Base.lproj/Main.storyboard; sourceTree = "<group>"; };
		317A4DC51EA99D8900657B82 /* Assets.xcassets */ = {isa = PBXFileReference; lastKnownFileType = folder.assetcatalog; path = Assets.xcassets; sourceTree = "<group>"; };
		317A4DC81EA99D8900657B82 /* Base */ = {isa = PBXFileReference; lastKnownFileType = file.storyboard; name = Base; path = Base.lproj/LaunchScreen.storyboard; sourceTree = "<group>"; };
		317A4DCA1EA99D8900657B82 /* Info.plist */ = {isa = PBXFileReference; lastKnownFileType = text.plist.xml; path = Info.plist; sourceTree = "<group>"; };
		317A4DCF1EA99D8900657B82 /* SchulteGridContestTests.xctest */ = {isa = PBXFileReference; explicitFileType = wrapper.cfbundle; includeInIndex = 0; path = SchulteGridContestTests.xctest; sourceTree = BUILT_PRODUCTS_DIR; };
		317A4DD31EA99D8900657B82 /* SchulteGridContestTests.m */ = {isa = PBXFileReference; lastKnownFileType = sourcecode.c.objc; path = SchulteGridContestTests.m; sourceTree = "<group>"; };
		317A4DD51EA99D8900657B82 /* Info.plist */ = {isa = PBXFileReference; lastKnownFileType = text.plist.xml; path = Info.plist; sourceTree = "<group>"; };
		317A4DDA1EA99D8900657B82 /* SchulteGridContestUITests.xctest */ = {isa = PBXFileReference; explicitFileType = wrapper.cfbundle; includeInIndex = 0; path = SchulteGridContestUITests.xctest; sourceTree = BUILT_PRODUCTS_DIR; };
		317A4DDE1EA99D8900657B82 /* SchulteGridContestUITests.m */ = {isa = PBXFileReference; lastKnownFileType = sourcecode.c.objc; path = SchulteGridContestUITests.m; sourceTree = "<group>"; };
		317A4DE01EA99D8900657B82 /* Info.plist */ = {isa = PBXFileReference; lastKnownFileType = text.plist.xml; path = Info.plist; sourceTree = "<group>"; };
		317A4DEC1EA99DEA00657B82 /* SchulteGridViewController.h */ = {isa = PBXFileReference; fileEncoding = 4; lastKnownFileType = sourcecode.c.h; path = SchulteGridViewController.h; sourceTree = "<group>"; };
		317A4DED1EA99DEA00657B82 /* SchulteGridViewController.m */ = {isa = PBXFileReference; fileEncoding = 4; lastKnownFileType = sourcecode.c.objc; path = SchulteGridViewController.m; sourceTree = "<group>"; };
		317A4DEF1EA9A03900657B82 /* SchulteGameBoardView.h */ = {isa = PBXFileReference; fileEncoding = 4; lastKnownFileType = sourcecode.c.h; path = SchulteGameBoardView.h; sourceTree = "<group>"; };
		317A4DF01EA9A03900657B82 /* SchulteGameBoardView.m */ = {isa = PBXFileReference; fileEncoding = 4; lastKnownFileType = sourcecode.c.objc; path = SchulteGameBoardView.m; sourceTree = "<group>"; };
		317A4DF21EA9A61D00657B82 /* SchulteGridGame.m */ = {isa = PBXFileReference; fileEncoding = 4; lastKnownFileType = sourcecode.c.objc; path = SchulteGridGame.m; sourceTree = "<group>"; };
		317A4DF61EA9A6C000657B82 /* SchulteGridGame.h */ = {isa = PBXFileReference; lastKnownFileType = sourcecode.c.h; path = SchulteGridGame.h; sourceTree = "<group>"; };
		4D124637C92D52C935C1EAB4 /* Pods-SchulteGridContest.debug.xcconfig */ = {isa = PBXFileReference; includeInIndex = 1; lastKnownFileType = text.xcconfig; name = "Pods-SchulteGridContest.debug.xcconfig"; path = "Pods/Target Support Files/Pods-SchulteGridContest/Pods-SchulteGridContest.debug.xcconfig"; sourceTree = "<group>"; };
		D77B0309FFE930EED51AD501 /* Pods-SchulteGridContest.release.xcconfig */ = {isa = PBXFileReference; includeInIndex = 1; lastKnownFileType = text.xcconfig; name = "Pods-SchulteGridContest.release.xcconfig"; path = "Pods/Target Support Files/Pods-SchulteGridContest/Pods-SchulteGridContest.release.xcconfig"; sourceTree = "<group>"; };
		E0956DDA795F528E83B41493 /* Pods_SchulteGridContest.framework */ = {isa = PBXFileReference; explicitFileType = wrapper.framework; includeInIndex = 0; path = Pods_SchulteGridContest.framework; sourceTree = BUILT_PRODUCTS_DIR; };
/* End PBXFileReference section */

/* Begin PBXFrameworksBuildPhase section */
		317A4DB31EA99D8900657B82 /* Frameworks */ = {
			isa = PBXFrameworksBuildPhase;
			buildActionMask = 2147483647;
			files = (
				573D48A6354A8EA04BA1395D /* Pods_SchulteGridContest.framework in Frameworks */,
			);
			runOnlyForDeploymentPostprocessing = 0;
		};
		317A4DCC1EA99D8900657B82 /* Frameworks */ = {
			isa = PBXFrameworksBuildPhase;
			buildActionMask = 2147483647;
			files = (
			);
			runOnlyForDeploymentPostprocessing = 0;
		};
		317A4DD71EA99D8900657B82 /* Frameworks */ = {
			isa = PBXFrameworksBuildPhase;
			buildActionMask = 2147483647;
			files = (
			);
			runOnlyForDeploymentPostprocessing = 0;
		};
/* End PBXFrameworksBuildPhase section */

/* Begin PBXGroup section */
		317A4DAD1EA99D8900657B82 = {
			isa = PBXGroup;
			children = (
				317A4DB81EA99D8900657B82 /* SchulteGridContest */,
				317A4DD21EA99D8900657B82 /* SchulteGridContestTests */,
				317A4DDD1EA99D8900657B82 /* SchulteGridContestUITests */,
				317A4DB71EA99D8900657B82 /* Products */,
				9A61312F4F81D0230389193E /* Pods */,
				429A0A57B1083B2072BA0723 /* Frameworks */,
			);
			sourceTree = "<group>";
		};
		317A4DB71EA99D8900657B82 /* Products */ = {
			isa = PBXGroup;
			children = (
				317A4DB61EA99D8900657B82 /* SchulteGridContest.app */,
				317A4DCF1EA99D8900657B82 /* SchulteGridContestTests.xctest */,
				317A4DDA1EA99D8900657B82 /* SchulteGridContestUITests.xctest */,
			);
			name = Products;
			sourceTree = "<group>";
		};
		317A4DB81EA99D8900657B82 /* SchulteGridContest */ = {
			isa = PBXGroup;
			children = (
				317A4DBC1EA99D8900657B82 /* AppDelegate.h */,
				317A4DBD1EA99D8900657B82 /* AppDelegate.m */,
				317A4DC21EA99D8900657B82 /* Main.storyboard */,
				317A4DF91EAB083F00657B82 /* GameController */,
				317A4DF51EA9A66400657B82 /* GameModel */,
				317A4DF81EAB081400657B82 /* GameView */,
				317A4DC51EA99D8900657B82 /* Assets.xcassets */,
				317A4DC71EA99D8900657B82 /* LaunchScreen.storyboard */,
				317A4DCA1EA99D8900657B82 /* Info.plist */,
				317A4DB91EA99D8900657B82 /* Supporting Files */,
			);
			path = SchulteGridContest;
			sourceTree = "<group>";
		};
		317A4DB91EA99D8900657B82 /* Supporting Files */ = {
			isa = PBXGroup;
			children = (
				317A4DBA1EA99D8900657B82 /* main.m */,
			);
			name = "Supporting Files";
			sourceTree = "<group>";
		};
		317A4DD21EA99D8900657B82 /* SchulteGridContestTests */ = {
			isa = PBXGroup;
			children = (
				317A4DD31EA99D8900657B82 /* SchulteGridContestTests.m */,
				317A4DD51EA99D8900657B82 /* Info.plist */,
			);
			path = SchulteGridContestTests;
			sourceTree = "<group>";
		};
		317A4DDD1EA99D8900657B82 /* SchulteGridContestUITests */ = {
			isa = PBXGroup;
			children = (
				317A4DDE1EA99D8900657B82 /* SchulteGridContestUITests.m */,
				317A4DE01EA99D8900657B82 /* Info.plist */,
			);
			path = SchulteGridContestUITests;
			sourceTree = "<group>";
		};
		317A4DF51EA9A66400657B82 /* GameModel */ = {
			isa = PBXGroup;
			children = (
				317A4DF61EA9A6C000657B82 /* SchulteGridGame.h */,
				317A4DF21EA9A61D00657B82 /* SchulteGridGame.m */,
			);
			name = GameModel;
			sourceTree = "<group>";
		};
		317A4DF81EAB081400657B82 /* GameView */ = {
			isa = PBXGroup;
			children = (
				317A4DEF1EA9A03900657B82 /* SchulteGameBoardView.h */,
				317A4DF01EA9A03900657B82 /* SchulteGameBoardView.m */,
			);
			name = GameView;
			sourceTree = "<group>";
		};
		317A4DF91EAB083F00657B82 /* GameController */ = {
			isa = PBXGroup;
			children = (
				317A4DEC1EA99DEA00657B82 /* SchulteGridViewController.h */,
				317A4DED1EA99DEA00657B82 /* SchulteGridViewController.m */,
			);
			name = GameController;
			sourceTree = "<group>";
		};
		429A0A57B1083B2072BA0723 /* Frameworks */ = {
			isa = PBXGroup;
			children = (
				E0956DDA795F528E83B41493 /* Pods_SchulteGridContest.framework */,
			);
			name = Frameworks;
			sourceTree = "<group>";
		};
		9A61312F4F81D0230389193E /* Pods */ = {
			isa = PBXGroup;
			children = (
				4D124637C92D52C935C1EAB4 /* Pods-SchulteGridContest.debug.xcconfig */,
				D77B0309FFE930EED51AD501 /* Pods-SchulteGridContest.release.xcconfig */,
			);
			name = Pods;
			sourceTree = "<group>";
		};
/* End PBXGroup section */

/* Begin PBXNativeTarget section */
		317A4DB51EA99D8900657B82 /* SchulteGridContest */ = {
			isa = PBXNativeTarget;
			buildConfigurationList = 317A4DE31EA99D8900657B82 /* Build configuration list for PBXNativeTarget "SchulteGridContest" */;
			buildPhases = (
				F3327B164CEE80DCD9C4A136 /* [CP] Check Pods Manifest.lock */,
				317A4DB21EA99D8900657B82 /* Sources */,
				317A4DB31EA99D8900657B82 /* Frameworks */,
				317A4DB41EA99D8900657B82 /* Resources */,
				366AD82E8BB40B19833977CD /* [CP] Embed Pods Frameworks */,
				79A6A9CACB7F2B0643FE2AF3 /* [CP] Copy Pods Resources */,
			);
			buildRules = (
			);
			dependencies = (
			);
			name = SchulteGridContest;
			productName = SchulteGridContest;
			productReference = 317A4DB61EA99D8900657B82 /* SchulteGridContest.app */;
			productType = "com.apple.product-type.application";
		};
		317A4DCE1EA99D8900657B82 /* SchulteGridContestTests */ = {
			isa = PBXNativeTarget;
			buildConfigurationList = 317A4DE61EA99D8900657B82 /* Build configuration list for PBXNativeTarget "SchulteGridContestTests" */;
			buildPhases = (
				317A4DCB1EA99D8900657B82 /* Sources */,
				317A4DCC1EA99D8900657B82 /* Frameworks */,
				317A4DCD1EA99D8900657B82 /* Resources */,
			);
			buildRules = (
			);
			dependencies = (
				317A4DD11EA99D8900657B82 /* PBXTargetDependency */,
			);
			name = SchulteGridContestTests;
			productName = SchulteGridContestTests;
			productReference = 317A4DCF1EA99D8900657B82 /* SchulteGridContestTests.xctest */;
			productType = "com.apple.product-type.bundle.unit-test";
		};
		317A4DD91EA99D8900657B82 /* SchulteGridContestUITests */ = {
			isa = PBXNativeTarget;
			buildConfigurationList = 317A4DE91EA99D8900657B82 /* Build configuration list for PBXNativeTarget "SchulteGridContestUITests" */;
			buildPhases = (
				317A4DD61EA99D8900657B82 /* Sources */,
				317A4DD71EA99D8900657B82 /* Frameworks */,
				317A4DD81EA99D8900657B82 /* Resources */,
			);
			buildRules = (
			);
			dependencies = (
				317A4DDC1EA99D8900657B82 /* PBXTargetDependency */,
			);
			name = SchulteGridContestUITests;
			productName = SchulteGridContestUITests;
			productReference = 317A4DDA1EA99D8900657B82 /* SchulteGridContestUITests.xctest */;
			productType = "com.apple.product-type.bundle.ui-testing";
		};
/* End PBXNativeTarget section */

/* Begin PBXProject section */
		317A4DAE1EA99D8900657B82 /* Project object */ = {
			isa = PBXProject;
			attributes = {
				LastUpgradeCheck = 0830;
				ORGANIZATIONNAME = liuyuxuan;
				TargetAttributes = {
					317A4DB51EA99D8900657B82 = {
						CreatedOnToolsVersion = 8.3.1;
						ProvisioningStyle = Automatic;
					};
					317A4DCE1EA99D8900657B82 = {
						CreatedOnToolsVersion = 8.3.1;
						DevelopmentTeam = 4P6TC657TC;
						ProvisioningStyle = Automatic;
						TestTargetID = 317A4DB51EA99D8900657B82;
					};
					317A4DD91EA99D8900657B82 = {
						CreatedOnToolsVersion = 8.3.1;
						DevelopmentTeam = 4P6TC657TC;
						ProvisioningStyle = Automatic;
						TestTargetID = 317A4DB51EA99D8900657B82;
					};
				};
			};
			buildConfigurationList = 317A4DB11EA99D8900657B82 /* Build configuration list for PBXProject "SchulteGridContest" */;
			compatibilityVersion = "Xcode 3.2";
			developmentRegion = English;
			hasScannedForEncodings = 0;
			knownRegions = (
				en,
				Base,
			);
			mainGroup = 317A4DAD1EA99D8900657B82;
			productRefGroup = 317A4DB71EA99D8900657B82 /* Products */;
			projectDirPath = "";
			projectRoot = "";
			targets = (
				317A4DB51EA99D8900657B82 /* SchulteGridContest */,
				317A4DCE1EA99D8900657B82 /* SchulteGridContestTests */,
				317A4DD91EA99D8900657B82 /* SchulteGridContestUITests */,
			);
		};
/* End PBXProject section */

/* Begin PBXResourcesBuildPhase section */
		317A4DB41EA99D8900657B82 /* Resources */ = {
			isa = PBXResourcesBuildPhase;
			buildActionMask = 2147483647;
			files = (
				317A4DC91EA99D8900657B82 /* LaunchScreen.storyboard in Resources */,
				317A4DC61EA99D8900657B82 /* Assets.xcassets in Resources */,
				317A4DC41EA99D8900657B82 /* Main.storyboard in Resources */,
			);
			runOnlyForDeploymentPostprocessing = 0;
		};
		317A4DCD1EA99D8900657B82 /* Resources */ = {
			isa = PBXResourcesBuildPhase;
			buildActionMask = 2147483647;
			files = (
			);
			runOnlyForDeploymentPostprocessing = 0;
		};
		317A4DD81EA99D8900657B82 /* Resources */ = {
			isa = PBXResourcesBuildPhase;
			buildActionMask = 2147483647;
			files = (
			);
			runOnlyForDeploymentPostprocessing = 0;
		};
/* End PBXResourcesBuildPhase section */

/* Begin PBXShellScriptBuildPhase section */
		366AD82E8BB40B19833977CD /* [CP] Embed Pods Frameworks */ = {
			isa = PBXShellScriptBuildPhase;
			buildActionMask = 2147483647;
			files = (
			);
			inputPaths = (
			);
			name = "[CP] Embed Pods Frameworks";
			outputPaths = (
			);
			runOnlyForDeploymentPostprocessing = 0;
			shellPath = /bin/sh;
			shellScript = "\"${SRCROOT}/Pods/Target Support Files/Pods-SchulteGridContest/Pods-SchulteGridContest-frameworks.sh\"\n";
			showEnvVarsInLog = 0;
		};
		79A6A9CACB7F2B0643FE2AF3 /* [CP] Copy Pods Resources */ = {
			isa = PBXShellScriptBuildPhase;
			buildActionMask = 2147483647;
			files = (
			);
			inputPaths = (
			);
			name = "[CP] Copy Pods Resources";
			outputPaths = (
			);
			runOnlyForDeploymentPostprocessing = 0;
			shellPath = /bin/sh;
			shellScript = "\"${SRCROOT}/Pods/Target Support Files/Pods-SchulteGridContest/Pods-SchulteGridContest-resources.sh\"\n";
			showEnvVarsInLog = 0;
		};
		F3327B164CEE80DCD9C4A136 /* [CP] Check Pods Manifest.lock */ = {
			isa = PBXShellScriptBuildPhase;
			buildActionMask = 2147483647;
			files = (
			);
			inputPaths = (
			);
			name = "[CP] Check Pods Manifest.lock";
			outputPaths = (
			);
			runOnlyForDeploymentPostprocessing = 0;
			shellPath = /bin/sh;
			shellScript = "diff \"${PODS_ROOT}/../Podfile.lock\" \"${PODS_ROOT}/Manifest.lock\" > /dev/null\nif [ $? != 0 ] ; then\n    # print error to STDERR\n    echo \"error: The sandbox is not in sync with the Podfile.lock. Run 'pod install' or update your CocoaPods installation.\" >&2\n    exit 1\nfi\n";
			showEnvVarsInLog = 0;
		};
/* End PBXShellScriptBuildPhase section */

/* Begin PBXSourcesBuildPhase section */
		317A4DB21EA99D8900657B82 /* Sources */ = {
			isa = PBXSourcesBuildPhase;
			buildActionMask = 2147483647;
			files = (
				317A4DF11EA9A03900657B82 /* SchulteGameBoardView.m in Sources */,
				317A4DBE1EA99D8900657B82 /* AppDelegate.m in Sources */,
				317A4DBB1EA99D8900657B82 /* main.m in Sources */,
				317A4DF31EA9A61D00657B82 /* SchulteGridGame.m in Sources */,
				317A4DEE1EA99DEA00657B82 /* SchulteGridViewController.m in Sources */,
			);
			runOnlyForDeploymentPostprocessing = 0;
		};
		317A4DCB1EA99D8900657B82 /* Sources */ = {
			isa = PBXSourcesBuildPhase;
			buildActionMask = 2147483647;
			files = (
				317A4DD41EA99D8900657B82 /* SchulteGridContestTests.m in Sources */,
			);
			runOnlyForDeploymentPostprocessing = 0;
		};
		317A4DD61EA99D8900657B82 /* Sources */ = {
			isa = PBXSourcesBuildPhase;
			buildActionMask = 2147483647;
			files = (
				317A4DDF1EA99D8900657B82 /* SchulteGridContestUITests.m in Sources */,
			);
			runOnlyForDeploymentPostprocessing = 0;
		};
/* End PBXSourcesBuildPhase section */

/* Begin PBXTargetDependency section */
		317A4DD11EA99D8900657B82 /* PBXTargetDependency */ = {
			isa = PBXTargetDependency;
			target = 317A4DB51EA99D8900657B82 /* SchulteGridContest */;
			targetProxy = 317A4DD01EA99D8900657B82 /* PBXContainerItemProxy */;
		};
		317A4DDC1EA99D8900657B82 /* PBXTargetDependency */ = {
			isa = PBXTargetDependency;
			target = 317A4DB51EA99D8900657B82 /* SchulteGridContest */;
			targetProxy = 317A4DDB1EA99D8900657B82 /* PBXContainerItemProxy */;
		};
/* End PBXTargetDependency section */

/* Begin PBXVariantGroup section */
		317A4DC21EA99D8900657B82 /* Main.storyboard */ = {
			isa = PBXVariantGroup;
			children = (
				317A4DC31EA99D8900657B82 /* Base */,
			);
			name = Main.storyboard;
			sourceTree = "<group>";
		};
		317A4DC71EA99D8900657B82 /* LaunchScreen.storyboard */ = {
			isa = PBXVariantGroup;
			children = (
				317A4DC81EA99D8900657B82 /* Base */,
			);
			name = LaunchScreen.storyboard;
			sourceTree = "<group>";
		};
/* End PBXVariantGroup section */

/* Begin XCBuildConfiguration section */
		317A4DE11EA99D8900657B82 /* Debug */ = {
			isa = XCBuildConfiguration;
			buildSettings = {
				ALWAYS_SEARCH_USER_PATHS = NO;
				CLANG_ANALYZER_NONNULL = YES;
				CLANG_ANALYZER_NUMBER_OBJECT_CONVERSION = YES_AGGRESSIVE;
				CLANG_CXX_LANGUAGE_STANDARD = "gnu++0x";
				CLANG_CXX_LIBRARY = "libc++";
				CLANG_ENABLE_MODULES = YES;
				CLANG_ENABLE_OBJC_ARC = YES;
				CLANG_WARN_BOOL_CONVERSION = YES;
				CLANG_WARN_CONSTANT_CONVERSION = YES;
				CLANG_WARN_DIRECT_OBJC_ISA_USAGE = YES_ERROR;
				CLANG_WARN_DOCUMENTATION_COMMENTS = YES;
				CLANG_WARN_EMPTY_BODY = YES;
				CLANG_WARN_ENUM_CONVERSION = YES;
				CLANG_WARN_INFINITE_RECURSION = YES;
				CLANG_WARN_INT_CONVERSION = YES;
				CLANG_WARN_OBJC_ROOT_CLASS = YES_ERROR;
				CLANG_WARN_SUSPICIOUS_MOVE = YES;
				CLANG_WARN_UNREACHABLE_CODE = YES;
				CLANG_WARN__DUPLICATE_METHOD_MATCH = YES;
				"CODE_SIGN_IDENTITY[sdk=iphoneos*]" = "iPhone Developer";
				COPY_PHASE_STRIP = NO;
				DEBUG_INFORMATION_FORMAT = dwarf;
				ENABLE_STRICT_OBJC_MSGSEND = YES;
				ENABLE_TESTABILITY = YES;
				GCC_C_LANGUAGE_STANDARD = gnu99;
				GCC_DYNAMIC_NO_PIC = NO;
				GCC_NO_COMMON_BLOCKS = YES;
				GCC_OPTIMIZATION_LEVEL = 0;
				GCC_PREPROCESSOR_DEFINITIONS = (
					"DEBUG=1",
					"$(inherited)",
				);
				GCC_WARN_64_TO_32_BIT_CONVERSION = YES;
				GCC_WARN_ABOUT_RETURN_TYPE = YES_ERROR;
				GCC_WARN_UNDECLARED_SELECTOR = YES;
				GCC_WARN_UNINITIALIZED_AUTOS = YES_AGGRESSIVE;
				GCC_WARN_UNUSED_FUNCTION = YES;
				GCC_WARN_UNUSED_VARIABLE = YES;
				IPHONEOS_DEPLOYMENT_TARGET = 10.3;
				MTL_ENABLE_DEBUG_INFO = YES;
				ONLY_ACTIVE_ARCH = YES;
				SDKROOT = iphoneos;
			};
			name = Debug;
		};
		317A4DE21EA99D8900657B82 /* Release */ = {
			isa = XCBuildConfiguration;
			buildSettings = {
				ALWAYS_SEARCH_USER_PATHS = NO;
				CLANG_ANALYZER_NONNULL = YES;
				CLANG_ANALYZER_NUMBER_OBJECT_CONVERSION = YES_AGGRESSIVE;
				CLANG_CXX_LANGUAGE_STANDARD = "gnu++0x";
				CLANG_CXX_LIBRARY = "libc++";
				CLANG_ENABLE_MODULES = YES;
				CLANG_ENABLE_OBJC_ARC = YES;
				CLANG_WARN_BOOL_CONVERSION = YES;
				CLANG_WARN_CONSTANT_CONVERSION = YES;
				CLANG_WARN_DIRECT_OBJC_ISA_USAGE = YES_ERROR;
				CLANG_WARN_DOCUMENTATION_COMMENTS = YES;
				CLANG_WARN_EMPTY_BODY = YES;
				CLANG_WARN_ENUM_CONVERSION = YES;
				CLANG_WARN_INFINITE_RECURSION = YES;
				CLANG_WARN_INT_CONVERSION = YES;
				CLANG_WARN_OBJC_ROOT_CLASS = YES_ERROR;
				CLANG_WARN_SUSPICIOUS_MOVE = YES;
				CLANG_WARN_UNREACHABLE_CODE = YES;
				CLANG_WARN__DUPLICATE_METHOD_MATCH = YES;
				"CODE_SIGN_IDENTITY[sdk=iphoneos*]" = "iPhone Developer";
				COPY_PHASE_STRIP = NO;
				DEBUG_INFORMATION_FORMAT = "dwarf-with-dsym";
				ENABLE_NS_ASSERTIONS = NO;
				ENABLE_STRICT_OBJC_MSGSEND = YES;
				GCC_C_LANGUAGE_STANDARD = gnu99;
				GCC_NO_COMMON_BLOCKS = YES;
				GCC_WARN_64_TO_32_BIT_CONVERSION = YES;
				GCC_WARN_ABOUT_RETURN_TYPE = YES_ERROR;
				GCC_WARN_UNDECLARED_SELECTOR = YES;
				GCC_WARN_UNINITIALIZED_AUTOS = YES_AGGRESSIVE;
				GCC_WARN_UNUSED_FUNCTION = YES;
				GCC_WARN_UNUSED_VARIABLE = YES;
				IPHONEOS_DEPLOYMENT_TARGET = 10.3;
				MTL_ENABLE_DEBUG_INFO = NO;
				SDKROOT = iphoneos;
				VALIDATE_PRODUCT = YES;
			};
			name = Release;
		};
		317A4DE41EA99D8900657B82 /* Debug */ = {
			isa = XCBuildConfiguration;
			baseConfigurationReference = 4D124637C92D52C935C1EAB4 /* Pods-SchulteGridContest.debug.xcconfig */;
			buildSettings = {
				ASSETCATALOG_COMPILER_APPICON_NAME = AppIcon;
				DEVELOPMENT_TEAM = "";
				INFOPLIST_FILE = SchulteGridContest/Info.plist;
				LD_RUNPATH_SEARCH_PATHS = "$(inherited) @executable_path/Frameworks";
				PRODUCT_BUNDLE_IDENTIFIER = superhero.liu.SchulteGridContest;
				PRODUCT_NAME = "$(TARGET_NAME)";
			};
			name = Debug;
		};
		317A4DE51EA99D8900657B82 /* Release */ = {
			isa = XCBuildConfiguration;
			baseConfigurationReference = D77B0309FFE930EED51AD501 /* Pods-SchulteGridContest.release.xcconfig */;
			buildSettings = {
				ASSETCATALOG_COMPILER_APPICON_NAME = AppIcon;
				DEVELOPMENT_TEAM = "";
				INFOPLIST_FILE = SchulteGridContest/Info.plist;
				LD_RUNPATH_SEARCH_PATHS = "$(inherited) @executable_path/Frameworks";
				PRODUCT_BUNDLE_IDENTIFIER = superhero.liu.SchulteGridContest;
				PRODUCT_NAME = "$(TARGET_NAME)";
			};
			name = Release;
		};
		317A4DE71EA99D8900657B82 /* Debug */ = {
			isa = XCBuildConfiguration;
			buildSettings = {
				BUNDLE_LOADER = "$(TEST_HOST)";
				DEVELOPMENT_TEAM = 4P6TC657TC;
				INFOPLIST_FILE = SchulteGridContestTests/Info.plist;
				LD_RUNPATH_SEARCH_PATHS = "$(inherited) @executable_path/Frameworks @loader_path/Frameworks";
				PRODUCT_BUNDLE_IDENTIFIER = superhero.liu.SchulteGridContestTests;
				PRODUCT_NAME = "$(TARGET_NAME)";
				TEST_HOST = "$(BUILT_PRODUCTS_DIR)/SchulteGridContest.app/SchulteGridContest";
			};
			name = Debug;
		};
		317A4DE81EA99D8900657B82 /* Release */ = {
			isa = XCBuildConfiguration;
			buildSettings = {
				BUNDLE_LOADER = "$(TEST_HOST)";
				DEVELOPMENT_TEAM = 4P6TC657TC;
				INFOPLIST_FILE = SchulteGridContestTests/Info.plist;
				LD_RUNPATH_SEARCH_PATHS = "$(inherited) @executable_path/Frameworks @loader_path/Frameworks";
				PRODUCT_BUNDLE_IDENTIFIER = superhero.liu.SchulteGridContestTests;
				PRODUCT_NAME = "$(TARGET_NAME)";
				TEST_HOST = "$(BUILT_PRODUCTS_DIR)/SchulteGridContest.app/SchulteGridContest";
			};
			name = Release;
		};
		317A4DEA1EA99D8900657B82 /* Debug */ = {
			isa = XCBuildConfiguration;
			buildSettings = {
				DEVELOPMENT_TEAM = 4P6TC657TC;
				INFOPLIST_FILE = SchulteGridContestUITests/Info.plist;
				LD_RUNPATH_SEARCH_PATHS = "$(inherited) @executable_path/Frameworks @loader_path/Frameworks";
				PRODUCT_BUNDLE_IDENTIFIER = superhero.liu.SchulteGridContestUITests;
				PRODUCT_NAME = "$(TARGET_NAME)";
				TEST_TARGET_NAME = SchulteGridContest;
			};
			name = Debug;
		};
		317A4DEB1EA99D8900657B82 /* Release */ = {
			isa = XCBuildConfiguration;
			buildSettings = {
				DEVELOPMENT_TEAM = 4P6TC657TC;
				INFOPLIST_FILE = SchulteGridContestUITests/Info.plist;
				LD_RUNPATH_SEARCH_PATHS = "$(inherited) @executable_path/Frameworks @loader_path/Frameworks";
				PRODUCT_BUNDLE_IDENTIFIER = superhero.liu.SchulteGridContestUITests;
				PRODUCT_NAME = "$(TARGET_NAME)";
				TEST_TARGET_NAME = SchulteGridContest;
			};
			name = Release;
		};
/* End XCBuildConfiguration section */

/* Begin XCConfigurationList section */
		317A4DB11EA99D8900657B82 /* Build configuration list for PBXProject "SchulteGridContest" */ = {
			isa = XCConfigurationList;
			buildConfigurations = (
				317A4DE11EA99D8900657B82 /* Debug */,
				317A4DE21EA99D8900657B82 /* Release */,
			);
			defaultConfigurationIsVisible = 0;
			defaultConfigurationName = Release;
		};
		317A4DE31EA99D8900657B82 /* Build configuration list for PBXNativeTarget "SchulteGridContest" */ = {
			isa = XCConfigurationList;
			buildConfigurations = (
				317A4DE41EA99D8900657B82 /* Debug */,
				317A4DE51EA99D8900657B82 /* Release */,
			);
			defaultConfigurationIsVisible = 0;
			defaultConfigurationName = Release;
		};
		317A4DE61EA99D8900657B82 /* Build configuration list for PBXNativeTarget "SchulteGridContestTests" */ = {
			isa = XCConfigurationList;
			buildConfigurations = (
				317A4DE71EA99D8900657B82 /* Debug */,
				317A4DE81EA99D8900657B82 /* Release */,
			);
			defaultConfigurationIsVisible = 0;
			defaultConfigurationName = Release;
		};
		317A4DE91EA99D8900657B82 /* Build configuration list for PBXNativeTarget "SchulteGridContestUITests" */ = {
			isa = XCConfigurationList;
			buildConfigurations = (
				317A4DEA1EA99D8900657B82 /* Debug */,
				317A4DEB1EA99D8900657B82 /* Release */,
			);
			defaultConfigurationIsVisible = 0;
			defaultConfigurationName = Release;
		};
/* End XCConfigurationList section */
	};
	rootObject = 317A4DAE1EA99D8900657B82 /* Project object */;
}
